
Microsoft Visual Studio Solution File, Format Version 12.00
# Visual Studio Version 16
VisualStudioVersion = 16.0.30717.126
MinimumVisualStudioVersion = 10.0.40219.1
Project("{8BC9CEB8-8B4A-11D0-8D11-00A0C91BC942}") = "텀프로젝트", "텀프로젝트.vcxproj", "{5B848BD8-A9D7-4C03-B8C1-7E74978326E4}"
EndProject
Project("{8BC9CEB8-8B4A-11D0-8D11-00A0C91BC942}") = "test", "..\test\test.vcxproj", "{6B2F7D5F-0EAD-421C-81C8-E3A4279DF215}"
EndProject
Global
	GlobalSection(SolutionConfigurationPlatforms) = preSolution
		Debug|x64 = Debug|x64
		Debug|x86 = Debug|x86
		Release|x64 = Release|x64
		Release|x86 = Release|x86
	EndGlobalSection
	GlobalSection(ProjectConfigurationPlatforms) = postSolution
		{5B848BD8-A9D7-4C03-B8C1-7E74978326E4}.Debug|x64.ActiveCfg = Debug|x64
		{5B848BD8-A9D7-4C03-B8C1-7E74978326E4}.Debug|x64.Build.0 = Debug|x64
		{5B848BD8-A9D7-4C03-B8C1-7E74978326E4}.Debug|x86.ActiveCfg = Debug|Win32
		{5B848BD8-A9D7-4C03-B8C1-7E74978326E4}.Debug|x86.Build.0 = Debug|Win32
		{5B848BD8-A9D7-4C03-B8C1-7E74978326E4}.Release|x64.ActiveCfg = Release|x64
		{5B848BD8-A9D7-4C03-B8C1-7E74978326E4}.Release|x64.Build.0 = Release|x64
		{5B848BD8-A9D7-4C03-B8C1-7E74978326E4}.Release|x86.ActiveCfg = Release|Win32
		{5B848BD8-A9D7-4C03-B8C1-7E74978326E4}.Release|x86.Build.0 = Release|Win32
		{6B2F7D5F-0EAD-421C-81C8-E3A4279DF215}.Debug|x64.ActiveCfg = Debug|x64
		{6B2F7D5F-0EAD-421C-81C8-E3A4279DF215}.Debug|x64.Build.0 = Debug|x64
		{6B2F7D5F-0EAD-421C-81C8-E3A4279DF215}.Debug|x86.ActiveCfg = Debug|Win32
		{6B2F7D5F-0EAD-421C-81C8-E3A4279DF215}.Debug|x86.Build.0 = Debug|Win32
		{6B2F7D5F-0EAD-421C-81C8-E3A4279DF215}.Release|x64.ActiveCfg = Release|x64
		{6B2F7D5F-0EAD-421C-81C8-E3A4279DF215}.Release|x64.Build.0 = Release|x64
		{6B2F7D5F-0EAD-421C-81C8-E3A4279DF215}.Release|x86.ActiveCfg = Release|Win32
		{6B2F7D5F-0EAD-421C-81C8-E3A4279DF215}.Release|x86.Build.0 = Release|Win32
	EndGlobalSection
	GlobalSection(SolutionProperties) = preSolution
		HideSolutionNode = FALSE
	EndGlobalSection
	GlobalSection(ExtensibilityGlobals) = postSolution
		SolutionGuid = {8EC5D977-30AB-4C64-BFB7-62C3039EBBBC}
	EndGlobalSection
EndGlobal
